
Microsoft Visual Studio Solution File, Format Version 12.00
# Visual Studio Version 17
VisualStudioVersion = 17.1.32328.378
MinimumVisualStudioVersion = 10.0.40219.1
Project("{FAE04EC0-301F-11D3-BF4B-00C04F79EFBC}") = "LoginNikita", "LoginNikita.csproj", "{5985F1D5-27EC-47FE-83D8-63E1D48D925D}"
EndProject
Global
	GlobalSection(SolutionConfigurationPlatforms) = preSolution
		Debug|Any CPU = Debug|Any CPU
		Release|Any CPU = Release|Any CPU
	EndGlobalSection
	GlobalSection(ProjectConfigurationPlatforms) = postSolution
		{5985F1D5-27EC-47FE-83D8-63E1D48D925D}.Debug|Any CPU.ActiveCfg = Debug|Any CPU
		{5985F1D5-27EC-47FE-83D8-63E1D48D925D}.Debug|Any CPU.Build.0 = Debug|Any CPU
		{5985F1D5-27EC-47FE-83D8-63E1D48D925D}.Release|Any CPU.ActiveCfg = Release|Any CPU
		{5985F1D5-27EC-47FE-83D8-63E1D48D925D}.Release|Any CPU.Build.0 = Release|Any CPU
	EndGlobalSection
	GlobalSection(SolutionProperties) = preSolution
		HideSolutionNode = FALSE
	EndGlobalSection
	GlobalSection(ExtensibilityGlobals) = postSolution
		SolutionGuid = {24C03E7C-0A7E-48C7-B8DF-6311A30C4716}
	EndGlobalSection
EndGlobal
