
Microsoft Visual Studio Solution File, Format Version 12.00
# Visual Studio Version 17
VisualStudioVersion = 17.1.32328.378
MinimumVisualStudioVersion = 10.0.40219.1
Project("{9A19103F-16F7-4668-BE54-9A1E7A4F7556}") = "HeroAppNik", "HeroAppNik.csproj", "{0830F623-8E8E-498B-BA66-F40D77E15831}"
EndProject
Global
	GlobalSection(SolutionConfigurationPlatforms) = preSolution
		Debug|Any CPU = Debug|Any CPU
		Release|Any CPU = Release|Any CPU
	EndGlobalSection
	GlobalSection(ProjectConfigurationPlatforms) = postSolution
		{0830F623-8E8E-498B-BA66-F40D77E15831}.Debug|Any CPU.ActiveCfg = Debug|Any CPU
		{0830F623-8E8E-498B-BA66-F40D77E15831}.Debug|Any CPU.Build.0 = Debug|Any CPU
		{0830F623-8E8E-498B-BA66-F40D77E15831}.Release|Any CPU.ActiveCfg = Release|Any CPU
		{0830F623-8E8E-498B-BA66-F40D77E15831}.Release|Any CPU.Build.0 = Release|Any CPU
	EndGlobalSection
	GlobalSection(SolutionProperties) = preSolution
		HideSolutionNode = FALSE
	EndGlobalSection
	GlobalSection(ExtensibilityGlobals) = postSolution
		SolutionGuid = {CC4D3ECD-F5E5-407A-A32B-129451C44761}
	EndGlobalSection
EndGlobal
